
Microsoft Visual Studio Solution File, Format Version 12.00
# Visual Studio Version 17
VisualStudioVersion = 17.8.34525.116
MinimumVisualStudioVersion = 10.0.40219.1
Project("{9A19103F-16F7-4668-BE54-9A1E7A4F7556}") = "HMIS_API", "HMIS_API\HMIS_API.csproj", "{DE650D98-ED23-4A62-BA5F-2171236EEFC0}"
EndProject
Global
	GlobalSection(SolutionConfigurationPlatforms) = preSolution
		Debug|Any CPU = Debug|Any CPU
		Release|Any CPU = Release|Any CPU
	EndGlobalSection
	GlobalSection(ProjectConfigurationPlatforms) = postSolution
		{DE650D98-ED23-4A62-BA5F-2171236EEFC0}.Debug|Any CPU.ActiveCfg = Debug|Any CPU
		{DE650D98-ED23-4A62-BA5F-2171236EEFC0}.Debug|Any CPU.Build.0 = Debug|Any CPU
		{DE650D98-ED23-4A62-BA5F-2171236EEFC0}.Release|Any CPU.ActiveCfg = Release|Any CPU
		{DE650D98-ED23-4A62-BA5F-2171236EEFC0}.Release|Any CPU.Build.0 = Release|Any CPU
	EndGlobalSection
	GlobalSection(SolutionProperties) = preSolution
		HideSolutionNode = FALSE
	EndGlobalSection
	GlobalSection(ExtensibilityGlobals) = postSolution
		SolutionGuid = {E052A4CA-CB71-4041-BBB7-A8F107E5D0AA}
	EndGlobalSection
EndGlobal
